
Microsoft Visual Studio Solution File, Format Version 12.00
# Visual Studio Version 16
VisualStudioVersion = 16.0.29613.14
MinimumVisualStudioVersion = 10.0.40219.1
Project("{FAE04EC0-301F-11D3-BF4B-00C04F79EFBC}") = "CalaulatorSolution", "CalaulatorSolution\CalaulatorSolution.csproj", "{8122484B-29A2-42A1-9E8A-01AAAD15B108}"
EndProject
Project("{FAE04EC0-301F-11D3-BF4B-00C04F79EFBC}") = "ClassLibrary1", "ClassLibrary1\ClassLibrary1.csproj", "{BC16CC98-E9A9-4CA4-95E7-832FD317B590}"
EndProject
Global
	GlobalSection(SolutionConfigurationPlatforms) = preSolution
		Debug|Any CPU = Debug|Any CPU
		Release|Any CPU = Release|Any CPU
	EndGlobalSection
	GlobalSection(ProjectConfigurationPlatforms) = postSolution
		{8122484B-29A2-42A1-9E8A-01AAAD15B108}.Debug|Any CPU.ActiveCfg = Debug|Any CPU
		{8122484B-29A2-42A1-9E8A-01AAAD15B108}.Debug|Any CPU.Build.0 = Debug|Any CPU
		{8122484B-29A2-42A1-9E8A-01AAAD15B108}.Release|Any CPU.ActiveCfg = Release|Any CPU
		{8122484B-29A2-42A1-9E8A-01AAAD15B108}.Release|Any CPU.Build.0 = Release|Any CPU
		{BC16CC98-E9A9-4CA4-95E7-832FD317B590}.Debug|Any CPU.ActiveCfg = Debug|Any CPU
		{BC16CC98-E9A9-4CA4-95E7-832FD317B590}.Debug|Any CPU.Build.0 = Debug|Any CPU
		{BC16CC98-E9A9-4CA4-95E7-832FD317B590}.Release|Any CPU.ActiveCfg = Release|Any CPU
		{BC16CC98-E9A9-4CA4-95E7-832FD317B590}.Release|Any CPU.Build.0 = Release|Any CPU
	EndGlobalSection
	GlobalSection(SolutionProperties) = preSolution
		HideSolutionNode = FALSE
	EndGlobalSection
	GlobalSection(ExtensibilityGlobals) = postSolution
		SolutionGuid = {BE463D81-D529-46E6-8E13-2BFBFFCECCCA}
	EndGlobalSection
EndGlobal
